{
  "lockfileVersion": 1,
  "configVersion": 1,
  "workspaces": {
    "": {
      "dependencies": {
        "@opencode-ai/plugin": "1.0.162",
      },
    },
  },
  "packages": {
    "@opencode-ai/plugin": ["@opencode-ai/plugin@1.0.162", "", { "dependencies": { "@opencode-ai/sdk": "1.0.162", "zod": "4.1.8" } }, "sha512-tiJw7SCfSlG/3tY2O0J2UT06OLuazOzsv1zYlFbLxLy/EVedtW0pzxYalO20a4e//vInvOXFkhd2jLyB5vNEVA=="],

    "@opencode-ai/sdk": ["@opencode-ai/sdk@1.0.162", "", {}, "sha512-+XqRErBUt9eb1m3i/7WkZc/QCKCCjTaGV3MvhLhs/CUwbUn767D/ugzcG/i2ec8j/4nQmjJbjPDRmrQfvF1Qjw=="],

    "zod": ["zod@4.1.8", "", {}, "sha512-5R1P+WwQqmmMIEACyzSvo4JXHY5WiAFHRMg+zBZKgKS+Q1viRa0C1hmUKtHltoIFKtIdki3pRxkmpP74jnNYHQ=="],
  }
}
